
Microsoft Visual Studio Solution File, Format Version 12.00
# Visual Studio Version 17
VisualStudioVersion = 17.5.33414.496
MinimumVisualStudioVersion = 10.0.40219.1
Project("{FAE04EC0-301F-11D3-BF4B-00C04F79EFBC}") = "PokemonApi", "PokemonApi\PokemonApi.csproj", "{6D17EB75-2113-43F0-A98D-179476F4FB7B}"
EndProject
Global
	GlobalSection(SolutionConfigurationPlatforms) = preSolution
		Debug|Any CPU = Debug|Any CPU
		Release|Any CPU = Release|Any CPU
	EndGlobalSection
	GlobalSection(ProjectConfigurationPlatforms) = postSolution
		{6D17EB75-2113-43F0-A98D-179476F4FB7B}.Debug|Any CPU.ActiveCfg = Debug|Any CPU
		{6D17EB75-2113-43F0-A98D-179476F4FB7B}.Debug|Any CPU.Build.0 = Debug|Any CPU
		{6D17EB75-2113-43F0-A98D-179476F4FB7B}.Release|Any CPU.ActiveCfg = Release|Any CPU
		{6D17EB75-2113-43F0-A98D-179476F4FB7B}.Release|Any CPU.Build.0 = Release|Any CPU
	EndGlobalSection
	GlobalSection(SolutionProperties) = preSolution
		HideSolutionNode = FALSE
	EndGlobalSection
	GlobalSection(ExtensibilityGlobals) = postSolution
		SolutionGuid = {534AABAB-9071-46D3-BD5A-CC43C345D447}
	EndGlobalSection
EndGlobal
